
Microsoft Visual Studio Solution File, Format Version 12.00
# Visual Studio 15
VisualStudioVersion = 15.0.27703.2035
MinimumVisualStudioVersion = 10.0.40219.1
Project("{FAE04EC0-301F-11D3-BF4B-00C04F79EFBC}") = "DeploymentTool", "DeploymentTool\DeploymentTool.csproj", "{B6B3AE8E-344C-44E5-94C2-CD55F4ACFFB9}"
	ProjectSection(ProjectDependencies) = postProject
		{FEA9FCE4-50BA-4926-B7EB-59D06E5423F8} = {FEA9FCE4-50BA-4926-B7EB-59D06E5423F8}
	EndProjectSection
EndProject
Project("{FAE04EC0-301F-11D3-BF4B-00C04F79EFBC}") = "DeploymentTool.Core", "DeploymentTool.Core\DeploymentTool.Core.csproj", "{FEA9FCE4-50BA-4926-B7EB-59D06E5423F8}"
EndProject
Project("{FAE04EC0-301F-11D3-BF4B-00C04F79EFBC}") = "DeploymentTool.API", "DeploymentTool.API\DeploymentTool.API.csproj", "{E69621A2-6EE8-4AD5-9EB0-00BF3BE4FE0C}"
	ProjectSection(ProjectDependencies) = postProject
		{FEA9FCE4-50BA-4926-B7EB-59D06E5423F8} = {FEA9FCE4-50BA-4926-B7EB-59D06E5423F8}
	EndProjectSection
EndProject
Project("{FAE04EC0-301F-11D3-BF4B-00C04F79EFBC}") = "API TEST CONSOLE", "API test console\API TEST CONSOLE.csproj", "{CB91FE0D-0083-420A-9C66-6A9403DA1DF2}"
EndProject
Global
	GlobalSection(SolutionConfigurationPlatforms) = preSolution
		Debug|Any CPU = Debug|Any CPU
		Release|Any CPU = Release|Any CPU
	EndGlobalSection
	GlobalSection(ProjectConfigurationPlatforms) = postSolution
		{B6B3AE8E-344C-44E5-94C2-CD55F4ACFFB9}.Debug|Any CPU.ActiveCfg = Debug|Any CPU
		{B6B3AE8E-344C-44E5-94C2-CD55F4ACFFB9}.Debug|Any CPU.Build.0 = Debug|Any CPU
		{B6B3AE8E-344C-44E5-94C2-CD55F4ACFFB9}.Release|Any CPU.ActiveCfg = Release|Any CPU
		{B6B3AE8E-344C-44E5-94C2-CD55F4ACFFB9}.Release|Any CPU.Build.0 = Release|Any CPU
		{FEA9FCE4-50BA-4926-B7EB-59D06E5423F8}.Debug|Any CPU.ActiveCfg = Debug|Any CPU
		{FEA9FCE4-50BA-4926-B7EB-59D06E5423F8}.Debug|Any CPU.Build.0 = Debug|Any CPU
		{FEA9FCE4-50BA-4926-B7EB-59D06E5423F8}.Release|Any CPU.ActiveCfg = Release|Any CPU
		{FEA9FCE4-50BA-4926-B7EB-59D06E5423F8}.Release|Any CPU.Build.0 = Release|Any CPU
		{E69621A2-6EE8-4AD5-9EB0-00BF3BE4FE0C}.Debug|Any CPU.ActiveCfg = Debug|Any CPU
		{E69621A2-6EE8-4AD5-9EB0-00BF3BE4FE0C}.Debug|Any CPU.Build.0 = Debug|Any CPU
		{E69621A2-6EE8-4AD5-9EB0-00BF3BE4FE0C}.Release|Any CPU.ActiveCfg = Release|Any CPU
		{E69621A2-6EE8-4AD5-9EB0-00BF3BE4FE0C}.Release|Any CPU.Build.0 = Release|Any CPU
		{CB91FE0D-0083-420A-9C66-6A9403DA1DF2}.Debug|Any CPU.ActiveCfg = Debug|Any CPU
		{CB91FE0D-0083-420A-9C66-6A9403DA1DF2}.Debug|Any CPU.Build.0 = Debug|Any CPU
		{CB91FE0D-0083-420A-9C66-6A9403DA1DF2}.Release|Any CPU.ActiveCfg = Release|Any CPU
		{CB91FE0D-0083-420A-9C66-6A9403DA1DF2}.Release|Any CPU.Build.0 = Release|Any CPU
	EndGlobalSection
	GlobalSection(SolutionProperties) = preSolution
		HideSolutionNode = FALSE
	EndGlobalSection
	GlobalSection(ExtensibilityGlobals) = postSolution
		SolutionGuid = {46F60190-1A2F-423A-8FD6-30309B783201}
	EndGlobalSection
EndGlobal
